
Microsoft Visual Studio Solution File, Format Version 12.00
# Visual Studio Version 17
VisualStudioVersion = 17.13.35806.99
MinimumVisualStudioVersion = 10.0.40219.1
Project("{2150E333-8FDC-42A3-9474-1A3956D46DE8}") = "src", "src", "{02EA681E-C7D8-13C7-8484-4AC65E1B71E8}"
EndProject
Project("{2150E333-8FDC-42A3-9474-1A3956D46DE8}") = "deploy", "deploy", "{EE565A55-5A1B-46DD-BD05-341C627362F7}"
	ProjectSection(SolutionItems) = preProject
		deploy\docker-compose.yml = deploy\docker-compose.yml
	EndProjectSection
EndProject
Project("{FAE04EC0-301F-11D3-BF4B-00C04F79EFBC}") = "Weather.Api", "src\Weather.Api\Weather.Api.csproj", "{3FF3A0B3-AC53-451F-8B31-B287BDE229D8}"
EndProject
Global
	GlobalSection(SolutionConfigurationPlatforms) = preSolution
		Debug|Any CPU = Debug|Any CPU
		Release|Any CPU = Release|Any CPU
	EndGlobalSection
	GlobalSection(ProjectConfigurationPlatforms) = postSolution
		{3FF3A0B3-AC53-451F-8B31-B287BDE229D8}.Debug|Any CPU.ActiveCfg = Debug|Any CPU
		{3FF3A0B3-AC53-451F-8B31-B287BDE229D8}.Debug|Any CPU.Build.0 = Debug|Any CPU
		{3FF3A0B3-AC53-451F-8B31-B287BDE229D8}.Release|Any CPU.ActiveCfg = Release|Any CPU
		{3FF3A0B3-AC53-451F-8B31-B287BDE229D8}.Release|Any CPU.Build.0 = Release|Any CPU
	EndGlobalSection
	GlobalSection(SolutionProperties) = preSolution
		HideSolutionNode = FALSE
	EndGlobalSection
	GlobalSection(NestedProjects) = preSolution
		{3FF3A0B3-AC53-451F-8B31-B287BDE229D8} = {02EA681E-C7D8-13C7-8484-4AC65E1B71E8}
	EndGlobalSection
	GlobalSection(ExtensibilityGlobals) = postSolution
		SolutionGuid = {7A873983-F30B-4281-8745-B71E58A942BE}
	EndGlobalSection
EndGlobal
